{
  "name": "rds-snapshot-export-to-s3-pipeline",
  "version": "0.1.0",
  "lockfileVersion": 1,
  "requires": true,
  "dependencies": {
    "@aws-cdk/assets": {
      "version": "1.95.2",
      "resolved": "https://registry.npmjs.org/@aws-cdk/assets/-/assets-1.95.2.tgz",
      "integrity": "sha512-sF7LRjEhFM5Rb0HQKz2dhwSe0p/0t4sMJf2KHvo44GiQKuMim3MoJ/smEV67JjIa1Ow23fgwHO0gZs6D1d0alg==",
      "requires": {
        "@aws-cdk/core": "1.95.2",
        "@aws-cdk/cx-api": "1.95.2",
        "constructs": "^3.3.69"
      }
    },
    "@aws-cdk/aws-apigateway": {
      "version": "1.95.2",
      "resolved": "https://registry.npmjs.org/@aws-cdk/aws-apigateway/-/aws-apigateway-1.95.2.tgz",
      "integrity": "sha512-XlbgHjvQAe2q6jzHJwC4UxXYSQiBt3tK5AtrKU+GhZlCFUtxkCqwTP/WpAaZSjpqznurYgurfsXTQwN+06t2cQ==",
      "requires": {
        "@aws-cdk/aws-certificatemanager": "1.95.2",
        "@aws-cdk/aws-cloudwatch": "1.95.2",
        "@aws-cdk/aws-cognito": "1.95.2",
        "@aws-cdk/aws-ec2": "1.95.2",
        "@aws-cdk/aws-elasticloadbalancingv2": "1.95.2",
        "@aws-cdk/aws-iam": "1.95.2",
        "@aws-cdk/aws-lambda": "1.95.2",
        "@aws-cdk/aws-logs": "1.95.2",
        "@aws-cdk/aws-s3": "1.95.2",
        "@aws-cdk/aws-s3-assets": "1.95.2",
        "@aws-cdk/core": "1.95.2",
        "@aws-cdk/cx-api": "1.95.2",
        "constructs": "^3.3.69"
      }
    },
    "@aws-cdk/aws-applicationautoscaling": {
      "version": "1.95.2",
      "resolved": "https://registry.npmjs.org/@aws-cdk/aws-applicationautoscaling/-/aws-applicationautoscaling-1.95.2.tgz",
      "integrity": "sha512-34LXYWoT08cfbHyLHk0b7+dPLV26jMR/pSTv4NB0x7QDagbO3vfW8y+ZfaxCb4OpLN5kGbUvVpQicisZGHGkEA==",
      "requires": {
        "@aws-cdk/aws-autoscaling-common": "1.95.2",
        "@aws-cdk/aws-cloudwatch": "1.95.2",
        "@aws-cdk/aws-iam": "1.95.2",
        "@aws-cdk/core": "1.95.2",
        "constructs": "^3.3.69"
      }
    },
    "@aws-cdk/aws-autoscaling-common": {
      "version": "1.95.2",
      "resolved": "https://registry.npmjs.org/@aws-cdk/aws-autoscaling-common/-/aws-autoscaling-common-1.95.2.tgz",
      "integrity": "sha512-y/NTsVCyXNoMM3/xq9iQlhZx5VDBA+tUcNgY0Fsty2Ro1pyAUymGCpkGeKwSrfG8HdrpUaC2bbFK2Uc/G0NyZQ==",
      "requires": {
        "@aws-cdk/aws-iam": "1.95.2",
        "@aws-cdk/core": "1.95.2",
        "constructs": "^3.3.69"
      }
    },
    "@aws-cdk/aws-certificatemanager": {
      "version": "1.95.2",
      "resolved": "https://registry.npmjs.org/@aws-cdk/aws-certificatemanager/-/aws-certificatemanager-1.95.2.tgz",
      "integrity": "sha512-gXvQ5nU8aMhUdn6INWcxQAvcD3MR4wTWxubajnACR2ywYXmyRZRIJJdoX+btv15LfwCf4QkGRabJeOWuDmoUjQ==",
      "requires": {
        "@aws-cdk/aws-iam": "1.95.2",
        "@aws-cdk/aws-lambda": "1.95.2",
        "@aws-cdk/aws-route53": "1.95.2",
        "@aws-cdk/core": "1.95.2",
        "constructs": "^3.3.69"
      }
    },
    "@aws-cdk/aws-cloudformation": {
      "version": "1.95.2",
      "resolved": "https://registry.npmjs.org/@aws-cdk/aws-cloudformation/-/aws-cloudformation-1.95.2.tgz",
      "integrity": "sha512-6+8rnCWKiFNfy1zwpz4hsDijiKXgzlo/aXUUFEvGmWCd5QuZ1XenSCoL2G/oN5hihW2uYhfeV8k94jjemmx7qw==",
      "requires": {
        "@aws-cdk/aws-iam": "1.95.2",
        "@aws-cdk/aws-lambda": "1.95.2",
        "@aws-cdk/aws-s3": "1.95.2",
        "@aws-cdk/aws-sns": "1.95.2",
        "@aws-cdk/core": "1.95.2",
        "@aws-cdk/cx-api": "1.95.2",
        "constructs": "^3.3.69"
      }
    },
    "@aws-cdk/aws-cloudwatch": {
      "version": "1.95.2",
      "resolved": "https://registry.npmjs.org/@aws-cdk/aws-cloudwatch/-/aws-cloudwatch-1.95.2.tgz",
      "integrity": "sha512-B7KetbObiin/eu15KKz8RdaEcqLEQK6/gWpAI7GzCM+fDjhZ48CfZTwwtCiF3KC/RwIsVJ8q29V6p1c2/lG0VA==",
      "requires": {
        "@aws-cdk/aws-iam": "1.95.2",
        "@aws-cdk/core": "1.95.2",
        "constructs": "^3.3.69"
      }
    },
    "@aws-cdk/aws-codeguruprofiler": {
      "version": "1.95.2",
      "resolved": "https://registry.npmjs.org/@aws-cdk/aws-codeguruprofiler/-/aws-codeguruprofiler-1.95.2.tgz",
      "integrity": "sha512-IOVxajThAfWWhumg5TKwx0h6poMTNZGYJd9UPkFL9OUnos9CdQj2nK9BZJ76EntrV2A4e2LxqC7sF5X5RZ39MA==",
      "requires": {
        "@aws-cdk/aws-iam": "1.95.2",
        "@aws-cdk/core": "1.95.2",
        "constructs": "^3.3.69"
      }
    },
    "@aws-cdk/aws-cognito": {
      "version": "1.95.2",
      "resolved": "https://registry.npmjs.org/@aws-cdk/aws-cognito/-/aws-cognito-1.95.2.tgz",
      "integrity": "sha512-3aqJK12G4de8OtbboPD8XNXi/33BYm9MWsVLYadn+3NR0OkL7xf+BuwkLpXTb3R9EkDctpXoUibFWT1UpSiVgQ==",
      "requires": {
        "@aws-cdk/aws-certificatemanager": "1.95.2",
        "@aws-cdk/aws-iam": "1.95.2",
        "@aws-cdk/aws-lambda": "1.95.2",
        "@aws-cdk/core": "1.95.2",
        "@aws-cdk/custom-resources": "1.95.2",
        "constructs": "^3.3.69",
        "punycode": "^2.1.1"
      },
      "dependencies": {
        "punycode": {
          "version": "2.1.1",
          "bundled": true
        }
      }
    },
    "@aws-cdk/aws-dynamodb": {
      "version": "1.95.2",
      "resolved": "https://registry.npmjs.org/@aws-cdk/aws-dynamodb/-/aws-dynamodb-1.95.2.tgz",
      "integrity": "sha512-eN5XG9mY6kZep/uuTQozKin97R+BnaVFLdEf0C+dR0Ftu4mIOaDmjHc5kWD95wZ0r99JCDDtbSyFQncPCBArmQ==",
      "requires": {
        "@aws-cdk/aws-applicationautoscaling": "1.95.2",
        "@aws-cdk/aws-cloudwatch": "1.95.2",
        "@aws-cdk/aws-iam": "1.95.2",
        "@aws-cdk/aws-kms": "1.95.2",
        "@aws-cdk/aws-lambda": "1.95.2",
        "@aws-cdk/core": "1.95.2",
        "@aws-cdk/custom-resources": "1.95.2",
        "constructs": "^3.3.69"
      }
    },
    "@aws-cdk/aws-ec2": {
      "version": "1.95.2",
      "resolved": "https://registry.npmjs.org/@aws-cdk/aws-ec2/-/aws-ec2-1.95.2.tgz",
      "integrity": "sha512-mBcQOH4mPAIONF/WQpWwMLqvq/qQ9C6+5ykHmm63amN3rAPHJR7lgNrbvQF0PMijemls0I1Dsrzuavd9lrtjFQ==",
      "requires": {
        "@aws-cdk/aws-cloudwatch": "1.95.2",
        "@aws-cdk/aws-iam": "1.95.2",
        "@aws-cdk/aws-kms": "1.95.2",
        "@aws-cdk/aws-logs": "1.95.2",
        "@aws-cdk/aws-s3": "1.95.2",
        "@aws-cdk/aws-s3-assets": "1.95.2",
        "@aws-cdk/aws-ssm": "1.95.2",
        "@aws-cdk/cloud-assembly-schema": "1.95.2",
        "@aws-cdk/core": "1.95.2",
        "@aws-cdk/cx-api": "1.95.2",
        "@aws-cdk/region-info": "1.95.2",
        "constructs": "^3.3.69"
      }
    },
    "@aws-cdk/aws-ecr": {
      "version": "1.95.2",
      "resolved": "https://registry.npmjs.org/@aws-cdk/aws-ecr/-/aws-ecr-1.95.2.tgz",
      "integrity": "sha512-IGvyMhsDurDhduJ0vdBWLCq/nMCZlltMd+x9uUhNMOV2eJNUxVz1JOPO7LK7ksDNO8Y1JtfbypAaUmoTB9sbjQ==",
      "requires": {
        "@aws-cdk/aws-events": "1.95.2",
        "@aws-cdk/aws-iam": "1.95.2",
        "@aws-cdk/core": "1.95.2",
        "constructs": "^3.3.69"
      }
    },
    "@aws-cdk/aws-ecr-assets": {
      "version": "1.95.2",
      "resolved": "https://registry.npmjs.org/@aws-cdk/aws-ecr-assets/-/aws-ecr-assets-1.95.2.tgz",
      "integrity": "sha512-yK1wxNkSOi9e+KJO+H94ntjJ7JqdmuXItk668vJ+i8byqy1Yl4T307x/ZO5Afwwkv9NC6V28VMW93V5Ws0usoA==",
      "requires": {
        "@aws-cdk/assets": "1.95.2",
        "@aws-cdk/aws-ecr": "1.95.2",
        "@aws-cdk/aws-iam": "1.95.2",
        "@aws-cdk/aws-s3": "1.95.2",
        "@aws-cdk/core": "1.95.2",
        "@aws-cdk/cx-api": "1.95.2",
        "constructs": "^3.3.69",
        "minimatch": "^3.0.4"
      },
      "dependencies": {
        "balanced-match": {
          "version": "1.0.0",
          "bundled": true
        },
        "brace-expansion": {
          "version": "1.1.11",
          "bundled": true,
          "requires": {
            "balanced-match": "^1.0.0",
            "concat-map": "0.0.1"
          }
        },
        "concat-map": {
          "version": "0.0.1",
          "bundled": true
        },
        "minimatch": {
          "version": "3.0.4",
          "bundled": true,
          "requires": {
            "brace-expansion": "^1.1.7"
          }
        }
      }
    },
    "@aws-cdk/aws-efs": {
      "version": "1.95.2",
      "resolved": "https://registry.npmjs.org/@aws-cdk/aws-efs/-/aws-efs-1.95.2.tgz",
      "integrity": "sha512-AXMa9NSz6HGlysMTFZajgl5Ci/V1QP04ONhPtE0wszslmZdfmb9yZD2/7FjYfsbhRcO7ekjmjEba8QERQCJy7w==",
      "requires": {
        "@aws-cdk/aws-ec2": "1.95.2",
        "@aws-cdk/aws-kms": "1.95.2",
        "@aws-cdk/cloud-assembly-schema": "1.95.2",
        "@aws-cdk/core": "1.95.2",
        "@aws-cdk/cx-api": "1.95.2",
        "constructs": "^3.3.69"
      }
    },
    "@aws-cdk/aws-elasticloadbalancingv2": {
      "version": "1.95.2",
      "resolved": "https://registry.npmjs.org/@aws-cdk/aws-elasticloadbalancingv2/-/aws-elasticloadbalancingv2-1.95.2.tgz",
      "integrity": "sha512-frsE5cxHk3xWix/fBK7uJYIbHQb47mPSfQxzI3PO/zOwanf8miHyrDBsntUhigP8tG701d+V/y7mWUEkOUsoRw==",
      "requires": {
        "@aws-cdk/aws-certificatemanager": "1.95.2",
        "@aws-cdk/aws-cloudwatch": "1.95.2",
        "@aws-cdk/aws-ec2": "1.95.2",
        "@aws-cdk/aws-iam": "1.95.2",
        "@aws-cdk/aws-lambda": "1.95.2",
        "@aws-cdk/aws-s3": "1.95.2",
        "@aws-cdk/cloud-assembly-schema": "1.95.2",
        "@aws-cdk/core": "1.95.2",
        "@aws-cdk/cx-api": "1.95.2",
        "@aws-cdk/region-info": "1.95.2",
        "constructs": "^3.3.69"
      }
    },
    "@aws-cdk/aws-events": {
      "version": "1.95.2",
      "resolved": "https://registry.npmjs.org/@aws-cdk/aws-events/-/aws-events-1.95.2.tgz",
      "integrity": "sha512-yOdhnTUOSJ8l3IcWo/BP4nd17Iwbqj7W/wpjQOHKWmdoFOR8HN19vLltsAqV0cM/2NmQZGzxk979xrG1I5D1rA==",
      "requires": {
        "@aws-cdk/aws-iam": "1.95.2",
        "@aws-cdk/core": "1.95.2",
        "constructs": "^3.3.69"
      }
    },
    "@aws-cdk/aws-glue": {
      "version": "1.95.2",
      "resolved": "https://registry.npmjs.org/@aws-cdk/aws-glue/-/aws-glue-1.95.2.tgz",
      "integrity": "sha512-N6uDlhYYRWGa8/W57vdfq8lTQDi+7l8cuvazKf0TsFlLvZEKB5MRhFaEPHezAKEH23dwi3I5OKqSH/Mb1ZUf7w==",
      "requires": {
        "@aws-cdk/aws-ec2": "1.95.2",
        "@aws-cdk/aws-iam": "1.95.2",
        "@aws-cdk/aws-kms": "1.95.2",
        "@aws-cdk/aws-s3": "1.95.2",
        "@aws-cdk/core": "1.95.2",
        "constructs": "^3.3.69"
      }
    },
    "@aws-cdk/aws-iam": {
      "version": "1.95.2",
      "resolved": "https://registry.npmjs.org/@aws-cdk/aws-iam/-/aws-iam-1.95.2.tgz",
      "integrity": "sha512-9MzTu80uIYLRGKxkAm+Zj/OuwM1XNyQqv8BNEmcZo9gVaP05eMHhSTrtnCPKZo2LbBm5PyHEQDSX2DUcdCn/mQ==",
      "requires": {
        "@aws-cdk/core": "1.95.2",
        "@aws-cdk/region-info": "1.95.2",
        "constructs": "^3.3.69"
      }
    },
    "@aws-cdk/aws-kinesis": {
      "version": "1.95.2",
      "resolved": "https://registry.npmjs.org/@aws-cdk/aws-kinesis/-/aws-kinesis-1.95.2.tgz",
      "integrity": "sha512-Wp+dGDjO9V2j/ykILSZ/Xsf0Euj4I2wOhFqEpAZDbQ/7IhG8bbf4Hbf9bqPyl8Jd3o/xOG13lCwzREhOgeK8FA==",
      "requires": {
        "@aws-cdk/aws-iam": "1.95.2",
        "@aws-cdk/aws-kms": "1.95.2",
        "@aws-cdk/aws-logs": "1.95.2",
        "@aws-cdk/core": "1.95.2",
        "constructs": "^3.3.69"
      }
    },
    "@aws-cdk/aws-kms": {
      "version": "1.95.2",
      "resolved": "https://registry.npmjs.org/@aws-cdk/aws-kms/-/aws-kms-1.95.2.tgz",
      "integrity": "sha512-TdAYnLA5OVCMcoWRE762n8g4ayazStygJo+7Aa82xcuEXPEYY4rdVWL7xVNNY6pnDVTK9IT+gXq+8qLJAZsVHA==",
      "requires": {
        "@aws-cdk/aws-iam": "1.95.2",
        "@aws-cdk/core": "1.95.2",
        "@aws-cdk/cx-api": "1.95.2",
        "constructs": "^3.3.69"
      }
    },
    "@aws-cdk/aws-lambda": {
      "version": "1.95.2",
      "resolved": "https://registry.npmjs.org/@aws-cdk/aws-lambda/-/aws-lambda-1.95.2.tgz",
      "integrity": "sha512-zu4LjFXxsFj/PGykOm1gev02OeOS8XsVF1y7wNI1MDqbMJN2UgbOhhpFQ3/bQNGm8YmHP2COLyfY9DE2fXDA/A==",
      "requires": {
        "@aws-cdk/aws-applicationautoscaling": "1.95.2",
        "@aws-cdk/aws-cloudwatch": "1.95.2",
        "@aws-cdk/aws-codeguruprofiler": "1.95.2",
        "@aws-cdk/aws-ec2": "1.95.2",
        "@aws-cdk/aws-ecr": "1.95.2",
        "@aws-cdk/aws-ecr-assets": "1.95.2",
        "@aws-cdk/aws-efs": "1.95.2",
        "@aws-cdk/aws-events": "1.95.2",
        "@aws-cdk/aws-iam": "1.95.2",
        "@aws-cdk/aws-kms": "1.95.2",
        "@aws-cdk/aws-logs": "1.95.2",
        "@aws-cdk/aws-s3": "1.95.2",
        "@aws-cdk/aws-s3-assets": "1.95.2",
        "@aws-cdk/aws-signer": "1.95.2",
        "@aws-cdk/aws-sqs": "1.95.2",
        "@aws-cdk/core": "1.95.2",
        "@aws-cdk/cx-api": "1.95.2",
        "constructs": "^3.3.69"
      }
    },
    "@aws-cdk/aws-lambda-event-sources": {
      "version": "1.95.2",
      "resolved": "https://registry.npmjs.org/@aws-cdk/aws-lambda-event-sources/-/aws-lambda-event-sources-1.95.2.tgz",
      "integrity": "sha512-eAPWhfibDMQH+9dx8/NZVstWTkcMmNGEKDtcpLgm7hHgXcpPMAMCY/m7fAQqbe1ngfIXWQHN6kZr4EyLzWgolg==",
      "requires": {
        "@aws-cdk/aws-apigateway": "1.95.2",
        "@aws-cdk/aws-dynamodb": "1.95.2",
        "@aws-cdk/aws-ec2": "1.95.2",
        "@aws-cdk/aws-events": "1.95.2",
        "@aws-cdk/aws-iam": "1.95.2",
        "@aws-cdk/aws-kinesis": "1.95.2",
        "@aws-cdk/aws-lambda": "1.95.2",
        "@aws-cdk/aws-msk": "1.95.2",
        "@aws-cdk/aws-s3": "1.95.2",
        "@aws-cdk/aws-s3-notifications": "1.95.2",
        "@aws-cdk/aws-secretsmanager": "1.95.2",
        "@aws-cdk/aws-sns": "1.95.2",
        "@aws-cdk/aws-sns-subscriptions": "1.95.2",
        "@aws-cdk/aws-sqs": "1.95.2",
        "@aws-cdk/core": "1.95.2",
        "constructs": "^3.3.69"
      }
    },
    "@aws-cdk/aws-logs": {
      "version": "1.95.2",
      "resolved": "https://registry.npmjs.org/@aws-cdk/aws-logs/-/aws-logs-1.95.2.tgz",
      "integrity": "sha512-eKeOYuIIhNG/yyu0hYp4gR0y9RoBf7B+WTyn37owbNL5MTmJtJiKTsDMkRLXsnFJV0l/WyqWqqu2LGDXIAWTeQ==",
      "requires": {
        "@aws-cdk/aws-cloudwatch": "1.95.2",
        "@aws-cdk/aws-iam": "1.95.2",
        "@aws-cdk/aws-kms": "1.95.2",
        "@aws-cdk/aws-s3-assets": "1.95.2",
        "@aws-cdk/core": "1.95.2",
        "constructs": "^3.3.69"
      }
    },
    "@aws-cdk/aws-msk": {
      "version": "1.95.2",
      "resolved": "https://registry.npmjs.org/@aws-cdk/aws-msk/-/aws-msk-1.95.2.tgz",
      "integrity": "sha512-rSS1VjDIW8dcDZzJwpi/AFUN4mFYkWY5AnXvtunHMLSF7Y8lSRvX+Kb4CmHR91lUni0k1fj8Jr4VM669q/cGeg==",
      "requires": {
        "@aws-cdk/core": "1.95.2",
        "constructs": "^3.3.69"
      }
    },
    "@aws-cdk/aws-rds": {
      "version": "1.95.2",
      "resolved": "https://registry.npmjs.org/@aws-cdk/aws-rds/-/aws-rds-1.95.2.tgz",
      "integrity": "sha512-huZqw9im836zcum/ux3hyuWd4vMOuKa7jI9p3fjt5AV1Tc+w+YuZZexc5LaQn9SzUlDu5hV3jzv04NCnYd5Yeg==",
      "requires": {
        "@aws-cdk/aws-cloudwatch": "1.95.2",
        "@aws-cdk/aws-ec2": "1.95.2",
        "@aws-cdk/aws-events": "1.95.2",
        "@aws-cdk/aws-iam": "1.95.2",
        "@aws-cdk/aws-kms": "1.95.2",
        "@aws-cdk/aws-logs": "1.95.2",
        "@aws-cdk/aws-s3": "1.95.2",
        "@aws-cdk/aws-secretsmanager": "1.95.2",
        "@aws-cdk/core": "1.95.2",
        "constructs": "^3.3.69"
      }
    },
    "@aws-cdk/aws-route53": {
      "version": "1.95.2",
      "resolved": "https://registry.npmjs.org/@aws-cdk/aws-route53/-/aws-route53-1.95.2.tgz",
      "integrity": "sha512-t9loCWmJH4087TkyXXUMcWJwMWEKrCyBg5vIljiuJoIwhTfDbAAURZ1yfG7ZNfJlYW9SkU27E5ovvmrpg6xeXA==",
      "requires": {
        "@aws-cdk/aws-ec2": "1.95.2",
        "@aws-cdk/aws-iam": "1.95.2",
        "@aws-cdk/aws-logs": "1.95.2",
        "@aws-cdk/cloud-assembly-schema": "1.95.2",
        "@aws-cdk/core": "1.95.2",
        "@aws-cdk/custom-resources": "1.95.2",
        "constructs": "^3.3.69"
      }
    },
    "@aws-cdk/aws-s3": {
      "version": "1.95.2",
      "resolved": "https://registry.npmjs.org/@aws-cdk/aws-s3/-/aws-s3-1.95.2.tgz",
      "integrity": "sha512-5SRLX4IlOKuHsptwtT7FC0eu1c8vH3u/Ne/1Q2zNLwTfhD+VH2s/CqSum04vhwNFfocPLcwSGMQDxvIeqqECiQ==",
      "requires": {
        "@aws-cdk/aws-events": "1.95.2",
        "@aws-cdk/aws-iam": "1.95.2",
        "@aws-cdk/aws-kms": "1.95.2",
        "@aws-cdk/core": "1.95.2",
        "@aws-cdk/cx-api": "1.95.2",
        "constructs": "^3.3.69"
      }
    },
    "@aws-cdk/aws-s3-assets": {
      "version": "1.95.2",
      "resolved": "https://registry.npmjs.org/@aws-cdk/aws-s3-assets/-/aws-s3-assets-1.95.2.tgz",
      "integrity": "sha512-oSgQBnTtyfvtI3oGed1dt6J0IaN8VL1JusdzA3H3UEQZeK8TYrnkghTr9oeQHcnhtluhRzEYLFXMSAamHRGKyw==",
      "requires": {
        "@aws-cdk/assets": "1.95.2",
        "@aws-cdk/aws-iam": "1.95.2",
        "@aws-cdk/aws-kms": "1.95.2",
        "@aws-cdk/aws-s3": "1.95.2",
        "@aws-cdk/core": "1.95.2",
        "@aws-cdk/cx-api": "1.95.2",
        "constructs": "^3.3.69"
      }
    },
    "@aws-cdk/aws-s3-notifications": {
      "version": "1.95.2",
      "resolved": "https://registry.npmjs.org/@aws-cdk/aws-s3-notifications/-/aws-s3-notifications-1.95.2.tgz",
      "integrity": "sha512-Yabb/2E2J8OU/6P6Cz3iIQCDWcgjarsQY+bQYx0ucdOXe5XXLBnATCdEhDpjVJtNO8aZpg2LNy7N1in1/zNcng==",
      "requires": {
        "@aws-cdk/aws-iam": "1.95.2",
        "@aws-cdk/aws-lambda": "1.95.2",
        "@aws-cdk/aws-s3": "1.95.2",
        "@aws-cdk/aws-sns": "1.95.2",
        "@aws-cdk/aws-sqs": "1.95.2",
        "@aws-cdk/core": "1.95.2",
        "constructs": "^3.3.69"
      }
    },
    "@aws-cdk/aws-sam": {
      "version": "1.95.2",
      "resolved": "https://registry.npmjs.org/@aws-cdk/aws-sam/-/aws-sam-1.95.2.tgz",
      "integrity": "sha512-k6meqrceGWjTa/KvmnLBECtT1WWUDtRmYJocavHY8YW8/XsMq8pW4nOmr+8BOgEyvzBTvo8I1IBkV9AAm9uxzw==",
      "requires": {
        "@aws-cdk/core": "1.95.2",
        "constructs": "^3.3.69"
      }
    },
    "@aws-cdk/aws-secretsmanager": {
      "version": "1.95.2",
      "resolved": "https://registry.npmjs.org/@aws-cdk/aws-secretsmanager/-/aws-secretsmanager-1.95.2.tgz",
      "integrity": "sha512-N81ec+g3wAbLj+Yo3x+5hhH8KfXFvcnMEmoehuZYfJH+I+SBrDDtSFXMsRIt5VtY+SrecX/Iw3qSBgpYB82TyA==",
      "requires": {
        "@aws-cdk/aws-ec2": "1.95.2",
        "@aws-cdk/aws-iam": "1.95.2",
        "@aws-cdk/aws-kms": "1.95.2",
        "@aws-cdk/aws-lambda": "1.95.2",
        "@aws-cdk/aws-sam": "1.95.2",
        "@aws-cdk/core": "1.95.2",
        "@aws-cdk/cx-api": "1.95.2",
        "constructs": "^3.3.69"
      }
    },
    "@aws-cdk/aws-signer": {
      "version": "1.95.2",
      "resolved": "https://registry.npmjs.org/@aws-cdk/aws-signer/-/aws-signer-1.95.2.tgz",
      "integrity": "sha512-HRzqcGda4DwfSbQ26iigyJo3fdrrty+yiuKtKIauSBSGuGumNdrfCyUNO4fUS4hMkGOvkNkiJIcw7ldg2CXsPA==",
      "requires": {
        "@aws-cdk/core": "1.95.2",
        "constructs": "^3.3.69"
      }
    },
    "@aws-cdk/aws-sns": {
      "version": "1.95.2",
      "resolved": "https://registry.npmjs.org/@aws-cdk/aws-sns/-/aws-sns-1.95.2.tgz",
      "integrity": "sha512-nhKtKOV5Kvd8m6TjSCQdPXvwutAJ4quDZua92Gi9QupH5+MqTazgdN/MwUHdUgivtEE4YgIHBgPSjXo9XOmexQ==",
      "requires": {
        "@aws-cdk/aws-cloudwatch": "1.95.2",
        "@aws-cdk/aws-events": "1.95.2",
        "@aws-cdk/aws-iam": "1.95.2",
        "@aws-cdk/aws-kms": "1.95.2",
        "@aws-cdk/aws-sqs": "1.95.2",
        "@aws-cdk/core": "1.95.2",
        "constructs": "^3.3.69"
      }
    },
    "@aws-cdk/aws-sns-subscriptions": {
      "version": "1.95.2",
      "resolved": "https://registry.npmjs.org/@aws-cdk/aws-sns-subscriptions/-/aws-sns-subscriptions-1.95.2.tgz",
      "integrity": "sha512-eFmu8aVRhxxAvEGNJRqYFaxmID22yhoLEbmFqrP8baP9hocZxhcWZuh695Qqn7G0t5EezdZjqrazB8V8wZWjLA==",
      "requires": {
        "@aws-cdk/aws-iam": "1.95.2",
        "@aws-cdk/aws-lambda": "1.95.2",
        "@aws-cdk/aws-sns": "1.95.2",
        "@aws-cdk/aws-sqs": "1.95.2",
        "@aws-cdk/core": "1.95.2",
        "constructs": "^3.3.69"
      }
    },
    "@aws-cdk/aws-sqs": {
      "version": "1.95.2",
      "resolved": "https://registry.npmjs.org/@aws-cdk/aws-sqs/-/aws-sqs-1.95.2.tgz",
      "integrity": "sha512-e+ulpIBdywoyfq+xIy6x4SRMBkBvi1zY6jQcfCsBxZzHvYUUiIxS5kkyURwaICTGoR4ytlK1v/XQGACvpSH3vg==",
      "requires": {
        "@aws-cdk/aws-cloudwatch": "1.95.2",
        "@aws-cdk/aws-iam": "1.95.2",
        "@aws-cdk/aws-kms": "1.95.2",
        "@aws-cdk/core": "1.95.2",
        "constructs": "^3.3.69"
      }
    },
    "@aws-cdk/aws-ssm": {
      "version": "1.95.2",
      "resolved": "https://registry.npmjs.org/@aws-cdk/aws-ssm/-/aws-ssm-1.95.2.tgz",
      "integrity": "sha512-ryDcDg57kRSKtrQ4hCiv7cKaBi4D9cz+reGSzzzkGYr/Wb19eNHhirFe/u8wQeBGg7BFVYXkU3JfieXjrB4aGA==",
      "requires": {
        "@aws-cdk/aws-iam": "1.95.2",
        "@aws-cdk/aws-kms": "1.95.2",
        "@aws-cdk/cloud-assembly-schema": "1.95.2",
        "@aws-cdk/core": "1.95.2",
        "constructs": "^3.3.69"
      }
    },
    "@aws-cdk/cloud-assembly-schema": {
      "version": "1.95.2",
      "resolved": "https://registry.npmjs.org/@aws-cdk/cloud-assembly-schema/-/cloud-assembly-schema-1.95.2.tgz",
      "integrity": "sha512-BgHAQ0Ktge2k+gC9ej4zVpg8YbRj7Wq7uGqDzfQatmMcZ9nppQVzdg9lz8fqf5s0FowC4q8MwCbnaXHZ/jVvKw==",
      "requires": {
        "jsonschema": "^1.4.0",
        "semver": "^7.3.5"
      },
      "dependencies": {
        "jsonschema": {
          "version": "1.4.0",
          "bundled": true
        },
        "lru-cache": {
          "version": "6.0.0",
          "bundled": true,
          "requires": {
            "yallist": "^4.0.0"
          }
        },
        "semver": {
          "version": "7.3.5",
          "bundled": true,
          "requires": {
            "lru-cache": "^6.0.0"
          }
        },
        "yallist": {
          "version": "4.0.0",
          "bundled": true
        }
      }
    },
    "@aws-cdk/core": {
      "version": "1.95.2",
      "resolved": "https://registry.npmjs.org/@aws-cdk/core/-/core-1.95.2.tgz",
      "integrity": "sha512-9J6UmN14E2iH5pRMNv03Yc5wTVedJqdU15aDIqnO8DZM+ZBjZOZFcl0imfPGTCd244un6SzLDaRFh/rQw5gomQ==",
      "requires": {
        "@aws-cdk/cloud-assembly-schema": "1.95.2",
        "@aws-cdk/cx-api": "1.95.2",
        "@aws-cdk/region-info": "1.95.2",
        "@balena/dockerignore": "^1.0.2",
        "constructs": "^3.3.69",
        "fs-extra": "^9.1.0",
        "ignore": "^5.1.8",
        "minimatch": "^3.0.4"
      },
      "dependencies": {
        "@balena/dockerignore": {
          "version": "1.0.2",
          "bundled": true
        },
        "at-least-node": {
          "version": "1.0.0",
          "bundled": true
        },
        "balanced-match": {
          "version": "1.0.0",
          "bundled": true
        },
        "brace-expansion": {
          "version": "1.1.11",
          "bundled": true,
          "requires": {
            "balanced-match": "^1.0.0",
            "concat-map": "0.0.1"
          }
        },
        "concat-map": {
          "version": "0.0.1",
          "bundled": true
        },
        "fs-extra": {
          "version": "9.1.0",
          "bundled": true,
          "requires": {
            "at-least-node": "^1.0.0",
            "graceful-fs": "^4.2.0",
            "jsonfile": "^6.0.1",
            "universalify": "^2.0.0"
          }
        },
        "graceful-fs": {
          "version": "4.2.6",
          "bundled": true
        },
        "ignore": {
          "version": "5.1.8",
          "bundled": true
        },
        "jsonfile": {
          "version": "6.1.0",
          "bundled": true,
          "requires": {
            "graceful-fs": "^4.1.6",
            "universalify": "^2.0.0"
          }
        },
        "minimatch": {
          "version": "3.0.4",
          "bundled": true,
          "requires": {
            "brace-expansion": "^1.1.7"
          }
        },
        "universalify": {
          "version": "2.0.0",
          "bundled": true
        }
      }
    },
    "@aws-cdk/custom-resources": {
      "version": "1.95.2",
      "resolved": "https://registry.npmjs.org/@aws-cdk/custom-resources/-/custom-resources-1.95.2.tgz",
      "integrity": "sha512-JpLJMfP2v7pZq1CQPRnJkSLxQMIBso8076TkndR0Km016jWyhPAvjg8AdJQZEmyA8pP9k0Z1aiI2IcIwRbRFjw==",
      "requires": {
        "@aws-cdk/aws-cloudformation": "1.95.2",
        "@aws-cdk/aws-ec2": "1.95.2",
        "@aws-cdk/aws-iam": "1.95.2",
        "@aws-cdk/aws-lambda": "1.95.2",
        "@aws-cdk/aws-logs": "1.95.2",
        "@aws-cdk/aws-sns": "1.95.2",
        "@aws-cdk/core": "1.95.2",
        "constructs": "^3.3.69"
      }
    },
    "@aws-cdk/cx-api": {
      "version": "1.95.2",
      "resolved": "https://registry.npmjs.org/@aws-cdk/cx-api/-/cx-api-1.95.2.tgz",
      "integrity": "sha512-kWvXwkYZNQprMZnfG2UAqsl74gAwHCLeU6tPB1F8NC3VEdzsv1MFSqAlchYwC/XG4aZe/PUXGsTRynwOv6nf6A==",
      "requires": {
        "@aws-cdk/cloud-assembly-schema": "1.95.2",
        "semver": "^7.3.5"
      },
      "dependencies": {
        "lru-cache": {
          "version": "6.0.0",
          "bundled": true,
          "requires": {
            "yallist": "^4.0.0"
          }
        },
        "semver": {
          "version": "7.3.5",
          "bundled": true,
          "requires": {
            "lru-cache": "^6.0.0"
          }
        },
        "yallist": {
          "version": "4.0.0",
          "bundled": true
        }
      }
    },
    "@aws-cdk/region-info": {
      "version": "1.95.2",
      "resolved": "https://registry.npmjs.org/@aws-cdk/region-info/-/region-info-1.95.2.tgz",
      "integrity": "sha512-ukmo9PDVGFcZKcx4BOXBMvaojlblkaDgEa7F2VsfSBZURAHnYH6TL3PKYZ3PtPKRcZH0kXARwnroNNszPV/hvQ=="
    },
    "@types/node": {
      "version": "13.9.1",
      "resolved": "https://registry.npmjs.org/@types/node/-/node-13.9.1.tgz",
      "integrity": "sha512-E6M6N0blf/jiZx8Q3nb0vNaswQeEyn0XlupO+xN6DtJ6r6IT4nXrTry7zhIfYvFCl3/8Cu6WIysmUBKiqV0bqQ==",
      "dev": true
    },
    "arg": {
      "version": "4.1.3",
      "resolved": "https://registry.npmjs.org/arg/-/arg-4.1.3.tgz",
      "integrity": "sha512-58S9QDqG0Xx27YwPSt9fJxivjYl432YCwfDMfZ+71RAqUrZef7LrKQZ3LHLOwCS4FLNBplP533Zx895SeOCHvA==",
      "dev": true
    },
    "aws-cdk": {
      "version": "1.180.0",
      "resolved": "https://registry.npmjs.org/aws-cdk/-/aws-cdk-1.180.0.tgz",
      "integrity": "sha512-Oxgfu82Zn3cSQNY5wedr3bIcIEKwFlmf8/KdJhihPxyTGE9ZzcKEg2sFHl0FM5/mZgTmH5B/0dOA1CM+cfXUIw==",
      "dev": true,
      "requires": {
        "fsevents": "2.3.2"
      }
    },
    "buffer-from": {
      "version": "1.1.1",
      "resolved": "https://registry.npmjs.org/buffer-from/-/buffer-from-1.1.1.tgz",
      "integrity": "sha512-MQcXEUbCKtEo7bhqEs6560Hyd4XaovZlO/k9V3hjVUF/zwW7KBVdSK4gIt/bzwS9MbR5qob+F5jusZsb0YQK2A=="
    },
    "constructs": {
      "version": "3.3.75",
      "resolved": "https://registry.npmjs.org/constructs/-/constructs-3.3.75.tgz",
      "integrity": "sha512-q10foASSSfDWmS99OQLfnWDXCzqLvoORISAVWPFg0AmIGlBv2ZdDOtXxLqrJARPxVlOldmW2JzWzdRI+4+0/ZA=="
    },
    "diff": {
      "version": "4.0.2",
      "resolved": "https://registry.npmjs.org/diff/-/diff-4.0.2.tgz",
      "integrity": "sha512-58lmxKSA4BNyLz+HHMUzlOEpg09FV+ev6ZMe3vJihgdxzgcwZ8VoEEPmALCZG9LmqfVoNMMKpttIYTVG6uDY7A==",
      "dev": true
    },
    "fsevents": {
      "version": "2.3.2",
      "resolved": "https://registry.npmjs.org/fsevents/-/fsevents-2.3.2.tgz",
      "integrity": "sha512-xiqMQR4xAeHTuB9uWm+fFRcIOgKBMiOBP+eXiyT7jsgVCq1bkVygt00oASowB7EdtpOHaaPgKt812P9ab+DDKA==",
      "dev": true,
      "optional": true
    },
    "make-error": {
      "version": "1.3.6",
      "resolved": "https://registry.npmjs.org/make-error/-/make-error-1.3.6.tgz",
      "integrity": "sha512-s8UhlNe7vPKomQhC1qFelMokr/Sc3AgNbso3n74mVPA5LTZwkB9NlXf4XPamLxJE8h0gh73rM94xvwRT2CVInw==",
      "dev": true
    },
    "source-map": {
      "version": "0.6.1",
      "resolved": "https://registry.npmjs.org/source-map/-/source-map-0.6.1.tgz",
      "integrity": "sha512-UjgapumWlbMhkBgzT7Ykc5YXUT46F0iKu8SGXq0bcwP5dz/h0Plj6enJqjz1Zbq2l5WaqYnrVbwWOWMyF3F47g=="
    },
    "source-map-support": {
      "version": "0.5.16",
      "resolved": "https://registry.npmjs.org/source-map-support/-/source-map-support-0.5.16.tgz",
      "integrity": "sha512-efyLRJDr68D9hBBNIPWFjhpFzURh+KJykQwvMyW5UiZzYwoF6l4YMMDIJJEyFWxWCqfyxLzz6tSfUFR+kXXsVQ==",
      "requires": {
        "buffer-from": "^1.0.0",
        "source-map": "^0.6.0"
      }
    },
    "ts-node": {
      "version": "8.6.2",
      "resolved": "https://registry.npmjs.org/ts-node/-/ts-node-8.6.2.tgz",
      "integrity": "sha512-4mZEbofxGqLL2RImpe3zMJukvEvcO1XP8bj8ozBPySdCUXEcU5cIRwR0aM3R+VoZq7iXc8N86NC0FspGRqP4gg==",
      "dev": true,
      "requires": {
        "arg": "^4.1.0",
        "diff": "^4.0.1",
        "make-error": "^1.1.1",
        "source-map-support": "^0.5.6",
        "yn": "3.1.1"
      }
    },
    "typescript": {
      "version": "3.8.3",
      "resolved": "https://registry.npmjs.org/typescript/-/typescript-3.8.3.tgz",
      "integrity": "sha512-MYlEfn5VrLNsgudQTVJeNaQFUAI7DkhnOjdpAp4T+ku1TfQClewlbSuTVHiA+8skNBgaf02TL/kLOvig4y3G8w==",
      "dev": true
    },
    "yn": {
      "version": "3.1.1",
      "resolved": "https://registry.npmjs.org/yn/-/yn-3.1.1.tgz",
      "integrity": "sha512-Ux4ygGWsu2c7isFWe8Yu1YluJmqVhxqK2cLXNQA5AcC3QfbGNpM7fu0Y8b/z16pXLnFxZYvWhd3fhBY9DLmC6Q==",
      "dev": true
    }
  }
}
